
Microsoft Visual Studio Solution File, Format Version 12.00
Project("{FAE04EC0-301F-11D3-BF4B-00C04F79EFBC}") = "SampleApp.Console", "SampleApp.Console\SampleApp.Console.csproj", "{D71B08AF-4FDD-4843-ABFF-E19DE2C5188F}"
EndProject
Project("{2150E333-8FDC-42A3-9474-1A3956D46DE8}") = "Solution Items", "Solution Items", "{C4FC3D96-4AE5-44FF-8481-3DBE4FE682C0}"
	ProjectSection(SolutionItems) = preProject
		.gitignore = .gitignore
		.editorconfig = .editorconfig
	EndProjectSection
EndProject
Global
	GlobalSection(SolutionConfigurationPlatforms) = preSolution
		Debug|Any CPU = Debug|Any CPU
		Release|Any CPU = Release|Any CPU
	EndGlobalSection
	GlobalSection(ProjectConfigurationPlatforms) = postSolution
		{D71B08AF-4FDD-4843-ABFF-E19DE2C5188F}.Debug|Any CPU.ActiveCfg = Debug|Any CPU
		{D71B08AF-4FDD-4843-ABFF-E19DE2C5188F}.Debug|Any CPU.Build.0 = Debug|Any CPU
		{D71B08AF-4FDD-4843-ABFF-E19DE2C5188F}.Release|Any CPU.ActiveCfg = Release|Any CPU
		{D71B08AF-4FDD-4843-ABFF-E19DE2C5188F}.Release|Any CPU.Build.0 = Release|Any CPU
	EndGlobalSection
EndGlobal
